
Microsoft Visual Studio Solution File, Format Version 12.00
# Visual Studio Version 18
VisualStudioVersion = 18.7.11919.86
MinimumVisualStudioVersion = 10.0.40219.1
Project("{FAE04EC0-301F-11D3-BF4B-00C04F79EFBC}") = "PensionVault.Gateway", "PensionVault.Gateway\PensionVault.Gateway.csproj", "{A1B2C3D4-0005-0005-0005-000000000005}"
EndProject
Project("{2150E333-8FDC-42A3-9474-1A3956D46DE8}") = "microservices", "microservices", "{8A367DDA-5161-A942-4F09-60E4726C9306}"
EndProject
Project("{FAE04EC0-301F-11D3-BF4B-00C04F79EFBC}") = "PensionVault.Shared", "microservices\PensionVault.Shared\PensionVault.Shared.csproj", "{26E28BFA-99D2-4923-B6C7-8CCB5A8D4021}"
EndProject
Project("{2150E333-8FDC-42A3-9474-1A3956D46DE8}") = "PensionVault.Members.Service", "PensionVault.Members.Service", "{AE061D97-2013-47F4-B3A3-4EF76EE730C7}"
EndProject
Project("{FAE04EC0-301F-11D3-BF4B-00C04F79EFBC}") = "Members.API", "microservices\PensionVault.Members.Service\Members.API\Members.API.csproj", "{A1B2C3D4-0006-0006-0006-000000000006}"
EndProject
Project("{FAE04EC0-301F-11D3-BF4B-00C04F79EFBC}") = "Members.Domain", "microservices\PensionVault.Members.Service\Members.Domain\Members.Domain.csproj", "{868C45FE-3DB9-4696-9A70-727D41732A09}"
EndProject
Project("{FAE04EC0-301F-11D3-BF4B-00C04F79EFBC}") = "Members.Data", "microservices\PensionVault.Members.Service\Members.Data\Members.Data.csproj", "{C7E86998-7256-4E76-A4F3-3D9F66FBF77C}"
EndProject
Project("{FAE04EC0-301F-11D3-BF4B-00C04F79EFBC}") = "Members.Services", "microservices\PensionVault.Members.Service\Members.Services\Members.Services.csproj", "{60B58EEA-1C34-45C6-8BE1-BD1DFAD00036}"
EndProject
Project("{2150E333-8FDC-42A3-9474-1A3956D46DE8}") = "PensionVault.Claims.Service", "PensionVault.Claims.Service", "{CAA4E4EE-2997-4EEF-9646-409A6F964650}"
EndProject
Project("{FAE04EC0-301F-11D3-BF4B-00C04F79EFBC}") = "Claims.API", "microservices\PensionVault.Claims.Service\Claims.API\Claims.API.csproj", "{A1B2C3D4-0007-0007-0007-000000000007}"
EndProject
Project("{FAE04EC0-301F-11D3-BF4B-00C04F79EFBC}") = "Claims.Domain", "microservices\PensionVault.Claims.Service\Claims.Domain\Claims.Domain.csproj", "{29A80849-6FE7-40CA-AB4A-6FABE8902553}"
EndProject
Project("{FAE04EC0-301F-11D3-BF4B-00C04F79EFBC}") = "Claims.Data", "microservices\PensionVault.Claims.Service\Claims.Data\Claims.Data.csproj", "{BB14780A-C7CF-42FD-9DAA-0738E9885854}"
EndProject
Project("{FAE04EC0-301F-11D3-BF4B-00C04F79EFBC}") = "Claims.Services", "microservices\PensionVault.Claims.Service\Claims.Services\Claims.Services.csproj", "{2375B035-38EB-4C35-B437-8CC365342E3A}"
EndProject
Project("{2150E333-8FDC-42A3-9474-1A3956D46DE8}") = "PensionVault.Annuity.Service", "PensionVault.Annuity.Service", "{CBC9623E-754A-42E5-8DBE-B7B6EEA6D5A1}"
EndProject
Project("{FAE04EC0-301F-11D3-BF4B-00C04F79EFBC}") = "Annuity.API", "microservices\PensionVault.Annuity.Service\Annuity.API\Annuity.API.csproj", "{A1B2C3D4-0008-0008-0008-000000000008}"
EndProject
Project("{FAE04EC0-301F-11D3-BF4B-00C04F79EFBC}") = "Annuity.Domain", "microservices\PensionVault.Annuity.Service\Annuity.Domain\Annuity.Domain.csproj", "{112732F9-1941-4D0E-9542-F1B2A63ADC24}"
EndProject
Project("{FAE04EC0-301F-11D3-BF4B-00C04F79EFBC}") = "Annuity.Data", "microservices\PensionVault.Annuity.Service\Annuity.Data\Annuity.Data.csproj", "{7FE0BFE5-4292-45E1-B504-4CED70E946EF}"
EndProject
Project("{FAE04EC0-301F-11D3-BF4B-00C04F79EFBC}") = "Annuity.Services", "microservices\PensionVault.Annuity.Service\Annuity.Services\Annuity.Services.csproj", "{F2066B57-BD7B-46D9-930E-0F2A239A8AC3}"
EndProject
Project("{2150E333-8FDC-42A3-9474-1A3956D46DE8}") = "PensionVault.Contributions.Service", "PensionVault.Contributions.Service", "{CD4FD8F8-CE8C-4E69-A9C3-149A98C60661}"
EndProject
Project("{FAE04EC0-301F-11D3-BF4B-00C04F79EFBC}") = "Contributions.API", "microservices\PensionVault.Contributions.Service\Contributions.API\Contributions.API.csproj", "{A1B2C3D4-0009-0009-0009-000000000009}"
EndProject
Project("{FAE04EC0-301F-11D3-BF4B-00C04F79EFBC}") = "Contributions.Domain", "microservices\PensionVault.Contributions.Service\Contributions.Domain\Contributions.Domain.csproj", "{00126B36-664B-4DFB-A0DC-210500FF8A7B}"
EndProject
Project("{FAE04EC0-301F-11D3-BF4B-00C04F79EFBC}") = "Contributions.Data", "microservices\PensionVault.Contributions.Service\Contributions.Data\Contributions.Data.csproj", "{20DE2BD1-FC5E-4D5E-A8C3-C987FA14DEA6}"
EndProject
Project("{FAE04EC0-301F-11D3-BF4B-00C04F79EFBC}") = "Contributions.Services", "microservices\PensionVault.Contributions.Service\Contributions.Services\Contributions.Services.csproj", "{5F1F0B45-C9BF-47E4-8B89-A05013B960B6}"
EndProject
Global
	GlobalSection(SolutionConfigurationPlatforms) = preSolution
		Debug|Any CPU = Debug|Any CPU
		Release|Any CPU = Release|Any CPU
	EndGlobalSection
	GlobalSection(ProjectConfigurationPlatforms) = postSolution
		{A1B2C3D4-0005-0005-0005-000000000005}.Debug|Any CPU.ActiveCfg = Debug|Any CPU
		{A1B2C3D4-0005-0005-0005-000000000005}.Debug|Any CPU.Build.0 = Debug|Any CPU
		{A1B2C3D4-0005-0005-0005-000000000005}.Release|Any CPU.ActiveCfg = Release|Any CPU
		{A1B2C3D4-0005-0005-0005-000000000005}.Release|Any CPU.Build.0 = Release|Any CPU
		{26E28BFA-99D2-4923-B6C7-8CCB5A8D4021}.Debug|Any CPU.ActiveCfg = Debug|Any CPU
		{26E28BFA-99D2-4923-B6C7-8CCB5A8D4021}.Debug|Any CPU.Build.0 = Debug|Any CPU
		{26E28BFA-99D2-4923-B6C7-8CCB5A8D4021}.Release|Any CPU.ActiveCfg = Release|Any CPU
		{26E28BFA-99D2-4923-B6C7-8CCB5A8D4021}.Release|Any CPU.Build.0 = Release|Any CPU
		{A1B2C3D4-0006-0006-0006-000000000006}.Debug|Any CPU.ActiveCfg = Debug|Any CPU
		{A1B2C3D4-0006-0006-0006-000000000006}.Debug|Any CPU.Build.0 = Debug|Any CPU
		{A1B2C3D4-0006-0006-0006-000000000006}.Release|Any CPU.ActiveCfg = Release|Any CPU
		{A1B2C3D4-0006-0006-0006-000000000006}.Release|Any CPU.Build.0 = Release|Any CPU
		{868C45FE-3DB9-4696-9A70-727D41732A09}.Debug|Any CPU.ActiveCfg = Debug|Any CPU
		{868C45FE-3DB9-4696-9A70-727D41732A09}.Debug|Any CPU.Build.0 = Debug|Any CPU
		{868C45FE-3DB9-4696-9A70-727D41732A09}.Release|Any CPU.ActiveCfg = Release|Any CPU
		{868C45FE-3DB9-4696-9A70-727D41732A09}.Release|Any CPU.Build.0 = Release|Any CPU
		{C7E86998-7256-4E76-A4F3-3D9F66FBF77C}.Debug|Any CPU.ActiveCfg = Debug|Any CPU
		{C7E86998-7256-4E76-A4F3-3D9F66FBF77C}.Debug|Any CPU.Build.0 = Debug|Any CPU
		{C7E86998-7256-4E76-A4F3-3D9F66FBF77C}.Release|Any CPU.ActiveCfg = Release|Any CPU
		{C7E86998-7256-4E76-A4F3-3D9F66FBF77C}.Release|Any CPU.Build.0 = Release|Any CPU
		{60B58EEA-1C34-45C6-8BE1-BD1DFAD00036}.Debug|Any CPU.ActiveCfg = Debug|Any CPU
		{60B58EEA-1C34-45C6-8BE1-BD1DFAD00036}.Debug|Any CPU.Build.0 = Debug|Any CPU
		{60B58EEA-1C34-45C6-8BE1-BD1DFAD00036}.Release|Any CPU.ActiveCfg = Release|Any CPU
		{60B58EEA-1C34-45C6-8BE1-BD1DFAD00036}.Release|Any CPU.Build.0 = Release|Any CPU
		{A1B2C3D4-0007-0007-0007-000000000007}.Debug|Any CPU.ActiveCfg = Debug|Any CPU
		{A1B2C3D4-0007-0007-0007-000000000007}.Debug|Any CPU.Build.0 = Debug|Any CPU
		{A1B2C3D4-0007-0007-0007-000000000007}.Release|Any CPU.ActiveCfg = Release|Any CPU
		{A1B2C3D4-0007-0007-0007-000000000007}.Release|Any CPU.Build.0 = Release|Any CPU
		{29A80849-6FE7-40CA-AB4A-6FABE8902553}.Debug|Any CPU.ActiveCfg = Debug|Any CPU
		{29A80849-6FE7-40CA-AB4A-6FABE8902553}.Debug|Any CPU.Build.0 = Debug|Any CPU
		{29A80849-6FE7-40CA-AB4A-6FABE8902553}.Release|Any CPU.ActiveCfg = Release|Any CPU
		{29A80849-6FE7-40CA-AB4A-6FABE8902553}.Release|Any CPU.Build.0 = Release|Any CPU
		{BB14780A-C7CF-42FD-9DAA-0738E9885854}.Debug|Any CPU.ActiveCfg = Debug|Any CPU
		{BB14780A-C7CF-42FD-9DAA-0738E9885854}.Debug|Any CPU.Build.0 = Debug|Any CPU
		{BB14780A-C7CF-42FD-9DAA-0738E9885854}.Release|Any CPU.ActiveCfg = Release|Any CPU
		{BB14780A-C7CF-42FD-9DAA-0738E9885854}.Release|Any CPU.Build.0 = Release|Any CPU
		{2375B035-38EB-4C35-B437-8CC365342E3A}.Debug|Any CPU.ActiveCfg = Debug|Any CPU
		{2375B035-38EB-4C35-B437-8CC365342E3A}.Debug|Any CPU.Build.0 = Debug|Any CPU
		{2375B035-38EB-4C35-B437-8CC365342E3A}.Release|Any CPU.ActiveCfg = Release|Any CPU
		{2375B035-38EB-4C35-B437-8CC365342E3A}.Release|Any CPU.Build.0 = Release|Any CPU
		{A1B2C3D4-0008-0008-0008-000000000008}.Debug|Any CPU.ActiveCfg = Debug|Any CPU
		{A1B2C3D4-0008-0008-0008-000000000008}.Debug|Any CPU.Build.0 = Debug|Any CPU
		{A1B2C3D4-0008-0008-0008-000000000008}.Release|Any CPU.ActiveCfg = Release|Any CPU
		{A1B2C3D4-0008-0008-0008-000000000008}.Release|Any CPU.Build.0 = Release|Any CPU
		{112732F9-1941-4D0E-9542-F1B2A63ADC24}.Debug|Any CPU.ActiveCfg = Debug|Any CPU
		{112732F9-1941-4D0E-9542-F1B2A63ADC24}.Debug|Any CPU.Build.0 = Debug|Any CPU
		{112732F9-1941-4D0E-9542-F1B2A63ADC24}.Release|Any CPU.ActiveCfg = Release|Any CPU
		{112732F9-1941-4D0E-9542-F1B2A63ADC24}.Release|Any CPU.Build.0 = Release|Any CPU
		{7FE0BFE5-4292-45E1-B504-4CED70E946EF}.Debug|Any CPU.ActiveCfg = Debug|Any CPU
		{7FE0BFE5-4292-45E1-B504-4CED70E946EF}.Debug|Any CPU.Build.0 = Debug|Any CPU
		{7FE0BFE5-4292-45E1-B504-4CED70E946EF}.Release|Any CPU.ActiveCfg = Release|Any CPU
		{7FE0BFE5-4292-45E1-B504-4CED70E946EF}.Release|Any CPU.Build.0 = Release|Any CPU
		{F2066B57-BD7B-46D9-930E-0F2A239A8AC3}.Debug|Any CPU.ActiveCfg = Debug|Any CPU
		{F2066B57-BD7B-46D9-930E-0F2A239A8AC3}.Debug|Any CPU.Build.0 = Debug|Any CPU
		{F2066B57-BD7B-46D9-930E-0F2A239A8AC3}.Release|Any CPU.ActiveCfg = Release|Any CPU
		{F2066B57-BD7B-46D9-930E-0F2A239A8AC3}.Release|Any CPU.Build.0 = Release|Any CPU
		{A1B2C3D4-0009-0009-0009-000000000009}.Debug|Any CPU.ActiveCfg = Debug|Any CPU
		{A1B2C3D4-0009-0009-0009-000000000009}.Debug|Any CPU.Build.0 = Debug|Any CPU
		{A1B2C3D4-0009-0009-0009-000000000009}.Release|Any CPU.ActiveCfg = Release|Any CPU
		{A1B2C3D4-0009-0009-0009-000000000009}.Release|Any CPU.Build.0 = Release|Any CPU
		{00126B36-664B-4DFB-A0DC-210500FF8A7B}.Debug|Any CPU.ActiveCfg = Debug|Any CPU
		{00126B36-664B-4DFB-A0DC-210500FF8A7B}.Debug|Any CPU.Build.0 = Debug|Any CPU
		{00126B36-664B-4DFB-A0DC-210500FF8A7B}.Release|Any CPU.ActiveCfg = Release|Any CPU
		{00126B36-664B-4DFB-A0DC-210500FF8A7B}.Release|Any CPU.Build.0 = Release|Any CPU
		{20DE2BD1-FC5E-4D5E-A8C3-C987FA14DEA6}.Debug|Any CPU.ActiveCfg = Debug|Any CPU
		{20DE2BD1-FC5E-4D5E-A8C3-C987FA14DEA6}.Debug|Any CPU.Build.0 = Debug|Any CPU
		{20DE2BD1-FC5E-4D5E-A8C3-C987FA14DEA6}.Release|Any CPU.ActiveCfg = Release|Any CPU
		{20DE2BD1-FC5E-4D5E-A8C3-C987FA14DEA6}.Release|Any CPU.Build.0 = Release|Any CPU
		{5F1F0B45-C9BF-47E4-8B89-A05013B960B6}.Debug|Any CPU.ActiveCfg = Debug|Any CPU
		{5F1F0B45-C9BF-47E4-8B89-A05013B960B6}.Debug|Any CPU.Build.0 = Debug|Any CPU
		{5F1F0B45-C9BF-47E4-8B89-A05013B960B6}.Release|Any CPU.ActiveCfg = Release|Any CPU
		{5F1F0B45-C9BF-47E4-8B89-A05013B960B6}.Release|Any CPU.Build.0 = Release|Any CPU
	EndGlobalSection
	GlobalSection(SolutionProperties) = preSolution
		HideSolutionNode = FALSE
	EndGlobalSection
	GlobalSection(NestedProjects) = preSolution
		{26E28BFA-99D2-4923-B6C7-8CCB5A8D4021} = {8A367DDA-5161-A942-4F09-60E4726C9306}
		{AE061D97-2013-47F4-B3A3-4EF76EE730C7} = {8A367DDA-5161-A942-4F09-60E4726C9306}
		{A1B2C3D4-0006-0006-0006-000000000006} = {AE061D97-2013-47F4-B3A3-4EF76EE730C7}
		{868C45FE-3DB9-4696-9A70-727D41732A09} = {AE061D97-2013-47F4-B3A3-4EF76EE730C7}
		{C7E86998-7256-4E76-A4F3-3D9F66FBF77C} = {AE061D97-2013-47F4-B3A3-4EF76EE730C7}
		{60B58EEA-1C34-45C6-8BE1-BD1DFAD00036} = {AE061D97-2013-47F4-B3A3-4EF76EE730C7}
		{CAA4E4EE-2997-4EEF-9646-409A6F964650} = {8A367DDA-5161-A942-4F09-60E4726C9306}
		{A1B2C3D4-0007-0007-0007-000000000007} = {CAA4E4EE-2997-4EEF-9646-409A6F964650}
		{29A80849-6FE7-40CA-AB4A-6FABE8902553} = {CAA4E4EE-2997-4EEF-9646-409A6F964650}
		{BB14780A-C7CF-42FD-9DAA-0738E9885854} = {CAA4E4EE-2997-4EEF-9646-409A6F964650}
		{2375B035-38EB-4C35-B437-8CC365342E3A} = {CAA4E4EE-2997-4EEF-9646-409A6F964650}
		{CBC9623E-754A-42E5-8DBE-B7B6EEA6D5A1} = {8A367DDA-5161-A942-4F09-60E4726C9306}
		{A1B2C3D4-0008-0008-0008-000000000008} = {CBC9623E-754A-42E5-8DBE-B7B6EEA6D5A1}
		{112732F9-1941-4D0E-9542-F1B2A63ADC24} = {CBC9623E-754A-42E5-8DBE-B7B6EEA6D5A1}
		{7FE0BFE5-4292-45E1-B504-4CED70E946EF} = {CBC9623E-754A-42E5-8DBE-B7B6EEA6D5A1}
		{F2066B57-BD7B-46D9-930E-0F2A239A8AC3} = {CBC9623E-754A-42E5-8DBE-B7B6EEA6D5A1}
		{CD4FD8F8-CE8C-4E69-A9C3-149A98C60661} = {8A367DDA-5161-A942-4F09-60E4726C9306}
		{A1B2C3D4-0009-0009-0009-000000000009} = {CD4FD8F8-CE8C-4E69-A9C3-149A98C60661}
		{00126B36-664B-4DFB-A0DC-210500FF8A7B} = {CD4FD8F8-CE8C-4E69-A9C3-149A98C60661}
		{20DE2BD1-FC5E-4D5E-A8C3-C987FA14DEA6} = {CD4FD8F8-CE8C-4E69-A9C3-149A98C60661}
		{5F1F0B45-C9BF-47E4-8B89-A05013B960B6} = {CD4FD8F8-CE8C-4E69-A9C3-149A98C60661}
	EndGlobalSection
	GlobalSection(ExtensibilityGlobals) = postSolution
		SolutionGuid = {CD12B34D-699A-41AB-A95A-3683AA73B494}
	EndGlobalSection
EndGlobal
